// !$*UTF8*$!
{
	archiveVersion = 1;
	classes = {
	};
	objectVersion = 56;
	objects = {

/* Begin PBXBuildFile section */
		9F7CA9CF2BE32F9C0062805E /* SwiftUI_BasicApp.swift in Sources */ = {isa = PBXBuildFile; fileRef = 9F7CA9CE2BE32F9C0062805E /* SwiftUI_BasicApp.swift */; };
		9F7CA9D12BE32F9C0062805E /* ContentView.swift in Sources */ = {isa = PBXBuildFile; fileRef = 9F7CA9D02BE32F9C0062805E /* ContentView.swift */; };
		9F7CA9D32BE32F9E0062805E /* Assets.xcassets in Resources */ = {isa = PBXBuildFile; fileRef = 9F7CA9D22BE32F9E0062805E /* Assets.xcassets */; };
		9F7CA9D62BE32F9E0062805E /* Preview Assets.xcassets in Resources */ = {isa = PBXBuildFile; fileRef = 9F7CA9D52BE32F9E0062805E /* Preview Assets.xcassets */; };
		9F7CA9E02BE32F9E0062805E /* SwiftUI_BasicTests.swift in Sources */ = {isa = PBXBuildFile; fileRef = 9F7CA9DF2BE32F9E0062805E /* SwiftUI_BasicTests.swift */; };
		9F7CA9EA2BE32F9E0062805E /* SwiftUI_BasicUITests.swift in Sources */ = {isa = PBXBuildFile; fileRef = 9F7CA9E92BE32F9E0062805E /* SwiftUI_BasicUITests.swift */; };
		9F7CA9EC2BE32F9E0062805E /* SwiftUI_BasicUITestsLaunchTests.swift in Sources */ = {isa = PBXBuildFile; fileRef = 9F7CA9EB2BE32F9E0062805E /* SwiftUI_BasicUITestsLaunchTests.swift */; };
		9F7CAA012BE351F60062805E /* TextView.swift in Sources */ = {isa = PBXBuildFile; fileRef = 9F7CAA002BE351F60062805E /* TextView.swift */; };
		9F7CAA032BE3727F0062805E /* ButtonView.swift in Sources */ = {isa = PBXBuildFile; fileRef = 9F7CAA022BE3727F0062805E /* ButtonView.swift */; };
		9F7CAA052BE372BC0062805E /* ImageView.swift in Sources */ = {isa = PBXBuildFile; fileRef = 9F7CAA042BE372BC0062805E /* ImageView.swift */; };
		9F7D74C12BF4FEAD00CDE966 /* SymbolRollerView.swift in Sources */ = {isa = PBXBuildFile; fileRef = 9F7D74C02BF4FEAD00CDE966 /* SymbolRollerView.swift */; };
		9F7D74C32BF502C100CDE966 /* StockRankView.swift in Sources */ = {isa = PBXBuildFile; fileRef = 9F7D74C22BF502C100CDE966 /* StockRankView.swift */; };
		9F7D74C52BF502D800CDE966 /* StockRankRow.swift in Sources */ = {isa = PBXBuildFile; fileRef = 9F7D74C42BF502D800CDE966 /* StockRankRow.swift */; };
		9F7D74C72BF502F100CDE966 /* StockModel.swift in Sources */ = {isa = PBXBuildFile; fileRef = 9F7D74C62BF502F100CDE966 /* StockModel.swift */; };
		9F7D74CB2BF5084A00CDE966 /* FrameworkListView.swift in Sources */ = {isa = PBXBuildFile; fileRef = 9F7D74CA2BF5084A00CDE966 /* FrameworkListView.swift */; };
		9F7D74CD2BF5086500CDE966 /* FrameworkCell.swift in Sources */ = {isa = PBXBuildFile; fileRef = 9F7D74CC2BF5086500CDE966 /* FrameworkCell.swift */; };
		9F7D74CF2BF508AA00CDE966 /* FrameworkData.swift in Sources */ = {isa = PBXBuildFile; fileRef = 9F7D74CE2BF508AA00CDE966 /* FrameworkData.swift */; };
		9F8424BD2BFEFF4F00BBE6F2 /* StockDetailView.swift in Sources */ = {isa = PBXBuildFile; fileRef = 9F8424BC2BFEFF4F00BBE6F2 /* StockDetailView.swift */; };
		9FE588922BE7C66B000CB39F /* PlayerView.swift in Sources */ = {isa = PBXBuildFile; fileRef = 9FE588912BE7C66B000CB39F /* PlayerView.swift */; };
		9FE588942BE7C696000CB39F /* Episode.swift in Sources */ = {isa = PBXBuildFile; fileRef = 9FE588932BE7C696000CB39F /* Episode.swift */; };
		9FE588962BE7C6B8000CB39F /* PlayButton.swift in Sources */ = {isa = PBXBuildFile; fileRef = 9FE588952BE7C6B8000CB39F /* PlayButton.swift */; };
		9FE588982BE7C6F4000CB39F /* PlayingStatusView.swift in Sources */ = {isa = PBXBuildFile; fileRef = 9FE588972BE7C6F4000CB39F /* PlayingStatusView.swift */; };
/* End PBXBuildFile section */

/* Begin PBXContainerItemProxy section */
		9F7CA9DC2BE32F9E0062805E /* PBXContainerItemProxy */ = {
			isa = PBXContainerItemProxy;
			containerPortal = 9F7CA9C32BE32F9C0062805E /* Project object */;
			proxyType = 1;
			remoteGlobalIDString = 9F7CA9CA2BE32F9C0062805E;
			remoteInfo = "SwiftUI Basic";
		};
		9F7CA9E62BE32F9E0062805E /* PBXContainerItemProxy */ = {
			isa = PBXContainerItemProxy;
			containerPortal = 9F7CA9C32BE32F9C0062805E /* Project object */;
			proxyType = 1;
			remoteGlobalIDString = 9F7CA9CA2BE32F9C0062805E;
			remoteInfo = "SwiftUI Basic";
		};
/* End PBXContainerItemProxy section */

/* Begin PBXFileReference section */
		9F7CA9CB2BE32F9C0062805E /* SwiftUI Basic.app */ = {isa = PBXFileReference; explicitFileType = wrapper.application; includeInIndex = 0; path = "SwiftUI Basic.app"; sourceTree = BUILT_PRODUCTS_DIR; };
		9F7CA9CE2BE32F9C0062805E /* SwiftUI_BasicApp.swift */ = {isa = PBXFileReference; lastKnownFileType = sourcecode.swift; path = SwiftUI_BasicApp.swift; sourceTree = "<group>"; };
		9F7CA9D02BE32F9C0062805E /* ContentView.swift */ = {isa = PBXFileReference; lastKnownFileType = sourcecode.swift; path = ContentView.swift; sourceTree = "<group>"; };
		9F7CA9D22BE32F9E0062805E /* Assets.xcassets */ = {isa = PBXFileReference; lastKnownFileType = folder.assetcatalog; path = Assets.xcassets; sourceTree = "<group>"; };
		9F7CA9D52BE32F9E0062805E /* Preview Assets.xcassets */ = {isa = PBXFileReference; lastKnownFileType = folder.assetcatalog; path = "Preview Assets.xcassets"; sourceTree = "<group>"; };
		9F7CA9DB2BE32F9E0062805E /* SwiftUI BasicTests.xctest */ = {isa = PBXFileReference; explicitFileType = wrapper.cfbundle; includeInIndex = 0; path = "SwiftUI BasicTests.xctest"; sourceTree = BUILT_PRODUCTS_DIR; };
		9F7CA9DF2BE32F9E0062805E /* SwiftUI_BasicTests.swift */ = {isa = PBXFileReference; lastKnownFileType = sourcecode.swift; path = SwiftUI_BasicTests.swift; sourceTree = "<group>"; };
		9F7CA9E52BE32F9E0062805E /* SwiftUI BasicUITests.xctest */ = {isa = PBXFileReference; explicitFileType = wrapper.cfbundle; includeInIndex = 0; path = "SwiftUI BasicUITests.xctest"; sourceTree = BUILT_PRODUCTS_DIR; };
		9F7CA9E92BE32F9E0062805E /* SwiftUI_BasicUITests.swift */ = {isa = PBXFileReference; lastKnownFileType = sourcecode.swift; path = SwiftUI_BasicUITests.swift; sourceTree = "<group>"; };
		9F7CA9EB2BE32F9E0062805E /* SwiftUI_BasicUITestsLaunchTests.swift */ = {isa = PBXFileReference; lastKnownFileType = sourcecode.swift; path = SwiftUI_BasicUITestsLaunchTests.swift; sourceTree = "<group>"; };
		9F7CAA002BE351F60062805E /* TextView.swift */ = {isa = PBXFileReference; lastKnownFileType = sourcecode.swift; path = TextView.swift; sourceTree = "<group>"; };
		9F7CAA022BE3727F0062805E /* ButtonView.swift */ = {isa = PBXFileReference; lastKnownFileType = sourcecode.swift; path = ButtonView.swift; sourceTree = "<group>"; };
		9F7CAA042BE372BC0062805E /* ImageView.swift */ = {isa = PBXFileReference; lastKnownFileType = sourcecode.swift; path = ImageView.swift; sourceTree = "<group>"; };
		9F7D74C02BF4FEAD00CDE966 /* SymbolRollerView.swift */ = {isa = PBXFileReference; lastKnownFileType = sourcecode.swift; path = SymbolRollerView.swift; sourceTree = "<group>"; };
		9F7D74C22BF502C100CDE966 /* StockRankView.swift */ = {isa = PBXFileReference; lastKnownFileType = sourcecode.swift; path = StockRankView.swift; sourceTree = "<group>"; };
		9F7D74C42BF502D800CDE966 /* StockRankRow.swift */ = {isa = PBXFileReference; lastKnownFileType = sourcecode.swift; path = StockRankRow.swift; sourceTree = "<group>"; };
		9F7D74C62BF502F100CDE966 /* StockModel.swift */ = {isa = PBXFileReference; lastKnownFileType = sourcecode.swift; path = StockModel.swift; sourceTree = "<group>"; };
		9F7D74CA2BF5084A00CDE966 /* FrameworkListView.swift */ = {isa = PBXFileReference; lastKnownFileType = sourcecode.swift; path = FrameworkListView.swift; sourceTree = "<group>"; };
		9F7D74CC2BF5086500CDE966 /* FrameworkCell.swift */ = {isa = PBXFileReference; lastKnownFileType = sourcecode.swift; path = FrameworkCell.swift; sourceTree = "<group>"; };
		9F7D74CE2BF508AA00CDE966 /* FrameworkData.swift */ = {isa = PBXFileReference; lastKnownFileType = sourcecode.swift; path = FrameworkData.swift; sourceTree = "<group>"; };
		9F8424BC2BFEFF4F00BBE6F2 /* StockDetailView.swift */ = {isa = PBXFileReference; lastKnownFileType = sourcecode.swift; path = StockDetailView.swift; sourceTree = "<group>"; };
		9FE588912BE7C66B000CB39F /* PlayerView.swift */ = {isa = PBXFileReference; lastKnownFileType = sourcecode.swift; path = PlayerView.swift; sourceTree = "<group>"; };
		9FE588932BE7C696000CB39F /* Episode.swift */ = {isa = PBXFileReference; lastKnownFileType = sourcecode.swift; path = Episode.swift; sourceTree = "<group>"; };
		9FE588952BE7C6B8000CB39F /* PlayButton.swift */ = {isa = PBXFileReference; lastKnownFileType = sourcecode.swift; path = PlayButton.swift; sourceTree = "<group>"; };
		9FE588972BE7C6F4000CB39F /* PlayingStatusView.swift */ = {isa = PBXFileReference; lastKnownFileType = sourcecode.swift; path = PlayingStatusView.swift; sourceTree = "<group>"; };
/* End PBXFileReference section */

/* Begin PBXFrameworksBuildPhase section */
		9F7CA9C82BE32F9C0062805E /* Frameworks */ = {
			isa = PBXFrameworksBuildPhase;
			buildActionMask = 2147483647;
			files = (
			);
			runOnlyForDeploymentPostprocessing = 0;
		};
		9F7CA9D82BE32F9E0062805E /* Frameworks */ = {
			isa = PBXFrameworksBuildPhase;
			buildActionMask = 2147483647;
			files = (
			);
			runOnlyForDeploymentPostprocessing = 0;
		};
		9F7CA9E22BE32F9E0062805E /* Frameworks */ = {
			isa = PBXFrameworksBuildPhase;
			buildActionMask = 2147483647;
			files = (
			);
			runOnlyForDeploymentPostprocessing = 0;
		};
/* End PBXFrameworksBuildPhase section */

/* Begin PBXGroup section */
		9F7CA9C22BE32F9C0062805E = {
			isa = PBXGroup;
			children = (
				9F7CA9CD2BE32F9C0062805E /* SwiftUI Basic */,
				9F7CA9DE2BE32F9E0062805E /* SwiftUI BasicTests */,
				9F7CA9E82BE32F9E0062805E /* SwiftUI BasicUITests */,
				9F7CA9CC2BE32F9C0062805E /* Products */,
			);
			sourceTree = "<group>";
		};
		9F7CA9CC2BE32F9C0062805E /* Products */ = {
			isa = PBXGroup;
			children = (
				9F7CA9CB2BE32F9C0062805E /* SwiftUI Basic.app */,
				9F7CA9DB2BE32F9E0062805E /* SwiftUI BasicTests.xctest */,
				9F7CA9E52BE32F9E0062805E /* SwiftUI BasicUITests.xctest */,
			);
			name = Products;
			sourceTree = "<group>";
		};
		9F7CA9CD2BE32F9C0062805E /* SwiftUI Basic */ = {
			isa = PBXGroup;
			children = (
				9F7CA9CE2BE32F9C0062805E /* SwiftUI_BasicApp.swift */,
				9F8424BC2BFEFF4F00BBE6F2 /* StockDetailView.swift */,
				9F7D74C22BF502C100CDE966 /* StockRankView.swift */,
				9F7D74C42BF502D800CDE966 /* StockRankRow.swift */,
				9F7D74CA2BF5084A00CDE966 /* FrameworkListView.swift */,
				9F7D74CC2BF5086500CDE966 /* FrameworkCell.swift */,
				9F7D74CE2BF508AA00CDE966 /* FrameworkData.swift */,
				9F7D74C62BF502F100CDE966 /* StockModel.swift */,
				9F7D74C02BF4FEAD00CDE966 /* SymbolRollerView.swift */,
				9F7CA9D02BE32F9C0062805E /* ContentView.swift */,
				9FE588912BE7C66B000CB39F /* PlayerView.swift */,
				9FE588932BE7C696000CB39F /* Episode.swift */,
				9FE588952BE7C6B8000CB39F /* PlayButton.swift */,
				9FE588972BE7C6F4000CB39F /* PlayingStatusView.swift */,
				9F7CAA002BE351F60062805E /* TextView.swift */,
				9F7CAA022BE3727F0062805E /* ButtonView.swift */,
				9F7CAA042BE372BC0062805E /* ImageView.swift */,
				9F7CA9D22BE32F9E0062805E /* Assets.xcassets */,
				9F7CA9D42BE32F9E0062805E /* Preview Content */,
			);
			path = "SwiftUI Basic";
			sourceTree = "<group>";
		};
		9F7CA9D42BE32F9E0062805E /* Preview Content */ = {
			isa = PBXGroup;
			children = (
				9F7CA9D52BE32F9E0062805E /* Preview Assets.xcassets */,
			);
			path = "Preview Content";
			sourceTree = "<group>";
		};
		9F7CA9DE2BE32F9E0062805E /* SwiftUI BasicTests */ = {
			isa = PBXGroup;
			children = (
				9F7CA9DF2BE32F9E0062805E /* SwiftUI_BasicTests.swift */,
			);
			path = "SwiftUI BasicTests";
			sourceTree = "<group>";
		};
		9F7CA9E82BE32F9E0062805E /* SwiftUI BasicUITests */ = {
			isa = PBXGroup;
			children = (
				9F7CA9E92BE32F9E0062805E /* SwiftUI_BasicUITests.swift */,
				9F7CA9EB2BE32F9E0062805E /* SwiftUI_BasicUITestsLaunchTests.swift */,
			);
			path = "SwiftUI BasicUITests";
			sourceTree = "<group>";
		};
/* End PBXGroup section */

/* Begin PBXNativeTarget section */
		9F7CA9CA2BE32F9C0062805E /* SwiftUI Basic */ = {
			isa = PBXNativeTarget;
			buildConfigurationList = 9F7CA9EF2BE32F9E0062805E /* Build configuration list for PBXNativeTarget "SwiftUI Basic" */;
			buildPhases = (
				9F7CA9C72BE32F9C0062805E /* Sources */,
				9F7CA9C82BE32F9C0062805E /* Frameworks */,
				9F7CA9C92BE32F9C0062805E /* Resources */,
			);
			buildRules = (
			);
			dependencies = (
			);
			name = "SwiftUI Basic";
			productName = "SwiftUI Basic";
			productReference = 9F7CA9CB2BE32F9C0062805E /* SwiftUI Basic.app */;
			productType = "com.apple.product-type.application";
		};
		9F7CA9DA2BE32F9E0062805E /* SwiftUI BasicTests */ = {
			isa = PBXNativeTarget;
			buildConfigurationList = 9F7CA9F22BE32F9E0062805E /* Build configuration list for PBXNativeTarget "SwiftUI BasicTests" */;
			buildPhases = (
				9F7CA9D72BE32F9E0062805E /* Sources */,
				9F7CA9D82BE32F9E0062805E /* Frameworks */,
				9F7CA9D92BE32F9E0062805E /* Resources */,
			);
			buildRules = (
			);
			dependencies = (
				9F7CA9DD2BE32F9E0062805E /* PBXTargetDependency */,
			);
			name = "SwiftUI BasicTests";
			productName = "SwiftUI BasicTests";
			productReference = 9F7CA9DB2BE32F9E0062805E /* SwiftUI BasicTests.xctest */;
			productType = "com.apple.product-type.bundle.unit-test";
		};
		9F7CA9E42BE32F9E0062805E /* SwiftUI BasicUITests */ = {
			isa = PBXNativeTarget;
			buildConfigurationList = 9F7CA9F52BE32F9E0062805E /* Build configuration list for PBXNativeTarget "SwiftUI BasicUITests" */;
			buildPhases = (
				9F7CA9E12BE32F9E0062805E /* Sources */,
				9F7CA9E22BE32F9E0062805E /* Frameworks */,
				9F7CA9E32BE32F9E0062805E /* Resources */,
			);
			buildRules = (
			);
			dependencies = (
				9F7CA9E72BE32F9E0062805E /* PBXTargetDependency */,
			);
			name = "SwiftUI BasicUITests";
			productName = "SwiftUI BasicUITests";
			productReference = 9F7CA9E52BE32F9E0062805E /* SwiftUI BasicUITests.xctest */;
			productType = "com.apple.product-type.bundle.ui-testing";
		};
/* End PBXNativeTarget section */

/* Begin PBXProject section */
		9F7CA9C32BE32F9C0062805E /* Project object */ = {
			isa = PBXProject;
			attributes = {
				BuildIndependentTargetsInParallel = 1;
				LastSwiftUpdateCheck = 1520;
				LastUpgradeCheck = 1520;
				TargetAttributes = {
					9F7CA9CA2BE32F9C0062805E = {
						CreatedOnToolsVersion = 15.2;
					};
					9F7CA9DA2BE32F9E0062805E = {
						CreatedOnToolsVersion = 15.2;
						TestTargetID = 9F7CA9CA2BE32F9C0062805E;
					};
					9F7CA9E42BE32F9E0062805E = {
						CreatedOnToolsVersion = 15.2;
						TestTargetID = 9F7CA9CA2BE32F9C0062805E;
					};
				};
			};
			buildConfigurationList = 9F7CA9C62BE32F9C0062805E /* Build configuration list for PBXProject "SwiftUI Basic" */;
			compatibilityVersion = "Xcode 14.0";
			developmentRegion = en;
			hasScannedForEncodings = 0;
			knownRegions = (
				en,
				Base,
			);
			mainGroup = 9F7CA9C22BE32F9C0062805E;
			productRefGroup = 9F7CA9CC2BE32F9C0062805E /* Products */;
			projectDirPath = "";
			projectRoot = "";
			targets = (
				9F7CA9CA2BE32F9C0062805E /* SwiftUI Basic */,
				9F7CA9DA2BE32F9E0062805E /* SwiftUI BasicTests */,
				9F7CA9E42BE32F9E0062805E /* SwiftUI BasicUITests */,
			);
		};
/* End PBXProject section */

/* Begin PBXResourcesBuildPhase section */
		9F7CA9C92BE32F9C0062805E /* Resources */ = {
			isa = PBXResourcesBuildPhase;
			buildActionMask = 2147483647;
			files = (
				9F7CA9D62BE32F9E0062805E /* Preview Assets.xcassets in Resources */,
				9F7CA9D32BE32F9E0062805E /* Assets.xcassets in Resources */,
			);
			runOnlyForDeploymentPostprocessing = 0;
		};
		9F7CA9D92BE32F9E0062805E /* Resources */ = {
			isa = PBXResourcesBuildPhase;
			buildActionMask = 2147483647;
			files = (
			);
			runOnlyForDeploymentPostprocessing = 0;
		};
		9F7CA9E32BE32F9E0062805E /* Resources */ = {
			isa = PBXResourcesBuildPhase;
			buildActionMask = 2147483647;
			files = (
			);
			runOnlyForDeploymentPostprocessing = 0;
		};
/* End PBXResourcesBuildPhase section */

/* Begin PBXSourcesBuildPhase section */
		9F7CA9C72BE32F9C0062805E /* Sources */ = {
			isa = PBXSourcesBuildPhase;
			buildActionMask = 2147483647;
			files = (
				9F7CAA052BE372BC0062805E /* ImageView.swift in Sources */,
				9F7D74C72BF502F100CDE966 /* StockModel.swift in Sources */,
				9F7D74C52BF502D800CDE966 /* StockRankRow.swift in Sources */,
				9F7D74C32BF502C100CDE966 /* StockRankView.swift in Sources */,
				9F7CA9D12BE32F9C0062805E /* ContentView.swift in Sources */,
				9FE588942BE7C696000CB39F /* Episode.swift in Sources */,
				9F7D74CF2BF508AA00CDE966 /* FrameworkData.swift in Sources */,
				9F7CAA012BE351F60062805E /* TextView.swift in Sources */,
				9F7D74C12BF4FEAD00CDE966 /* SymbolRollerView.swift in Sources */,
				9F7D74CD2BF5086500CDE966 /* FrameworkCell.swift in Sources */,
				9FE588922BE7C66B000CB39F /* PlayerView.swift in Sources */,
				9FE588962BE7C6B8000CB39F /* PlayButton.swift in Sources */,
				9FE588982BE7C6F4000CB39F /* PlayingStatusView.swift in Sources */,
				9F8424BD2BFEFF4F00BBE6F2 /* StockDetailView.swift in Sources */,
				9F7D74CB2BF5084A00CDE966 /* FrameworkListView.swift in Sources */,
				9F7CAA032BE3727F0062805E /* ButtonView.swift in Sources */,
				9F7CA9CF2BE32F9C0062805E /* SwiftUI_BasicApp.swift in Sources */,
			);
			runOnlyForDeploymentPostprocessing = 0;
		};
		9F7CA9D72BE32F9E0062805E /* Sources */ = {
			isa = PBXSourcesBuildPhase;
			buildActionMask = 2147483647;
			files = (
				9F7CA9E02BE32F9E0062805E /* SwiftUI_BasicTests.swift in Sources */,
			);
			runOnlyForDeploymentPostprocessing = 0;
		};
		9F7CA9E12BE32F9E0062805E /* Sources */ = {
			isa = PBXSourcesBuildPhase;
			buildActionMask = 2147483647;
			files = (
				9F7CA9EA2BE32F9E0062805E /* SwiftUI_BasicUITests.swift in Sources */,
				9F7CA9EC2BE32F9E0062805E /* SwiftUI_BasicUITestsLaunchTests.swift in Sources */,
			);
			runOnlyForDeploymentPostprocessing = 0;
		};
/* End PBXSourcesBuildPhase section */

/* Begin PBXTargetDependency section */
		9F7CA9DD2BE32F9E0062805E /* PBXTargetDependency */ = {
			isa = PBXTargetDependency;
			target = 9F7CA9CA2BE32F9C0062805E /* SwiftUI Basic */;
			targetProxy = 9F7CA9DC2BE32F9E0062805E /* PBXContainerItemProxy */;
		};
		9F7CA9E72BE32F9E0062805E /* PBXTargetDependency */ = {
			isa = PBXTargetDependency;
			target = 9F7CA9CA2BE32F9C0062805E /* SwiftUI Basic */;
			targetProxy = 9F7CA9E62BE32F9E0062805E /* PBXContainerItemProxy */;
		};
/* End PBXTargetDependency section */

/* Begin XCBuildConfiguration section */
		9F7CA9ED2BE32F9E0062805E /* Debug */ = {
			isa = XCBuildConfiguration;
			buildSettings = {
				ALWAYS_SEARCH_USER_PATHS = NO;
				ASSETCATALOG_COMPILER_GENERATE_SWIFT_ASSET_SYMBOL_EXTENSIONS = YES;
				CLANG_ANALYZER_NONNULL = YES;
				CLANG_ANALYZER_NUMBER_OBJECT_CONVERSION = YES_AGGRESSIVE;
				CLANG_CXX_LANGUAGE_STANDARD = "gnu++20";
				CLANG_ENABLE_MODULES = YES;
				CLANG_ENABLE_OBJC_ARC = YES;
				CLANG_ENABLE_OBJC_WEAK = YES;
				CLANG_WARN_BLOCK_CAPTURE_AUTORELEASING = YES;
				CLANG_WARN_BOOL_CONVERSION = YES;
				CLANG_WARN_COMMA = YES;
				CLANG_WARN_CONSTANT_CONVERSION = YES;
				CLANG_WARN_DEPRECATED_OBJC_IMPLEMENTATIONS = YES;
				CLANG_WARN_DIRECT_OBJC_ISA_USAGE = YES_ERROR;
				CLANG_WARN_DOCUMENTATION_COMMENTS = YES;
				CLANG_WARN_EMPTY_BODY = YES;
				CLANG_WARN_ENUM_CONVERSION = YES;
				CLANG_WARN_INFINITE_RECURSION = YES;
				CLANG_WARN_INT_CONVERSION = YES;
				CLANG_WARN_NON_LITERAL_NULL_CONVERSION = YES;
				CLANG_WARN_OBJC_IMPLICIT_RETAIN_SELF = YES;
				CLANG_WARN_OBJC_LITERAL_CONVERSION = YES;
				CLANG_WARN_OBJC_ROOT_CLASS = YES_ERROR;
				CLANG_WARN_QUOTED_INCLUDE_IN_FRAMEWORK_HEADER = YES;
				CLANG_WARN_RANGE_LOOP_ANALYSIS = YES;
				CLANG_WARN_STRICT_PROTOTYPES = YES;
				CLANG_WARN_SUSPICIOUS_MOVE = YES;
				CLANG_WARN_UNGUARDED_AVAILABILITY = YES_AGGRESSIVE;
				CLANG_WARN_UNREACHABLE_CODE = YES;
				CLANG_WARN__DUPLICATE_METHOD_MATCH = YES;
				COPY_PHASE_STRIP = NO;
				DEBUG_INFORMATION_FORMAT = dwarf;
				ENABLE_STRICT_OBJC_MSGSEND = YES;
				ENABLE_TESTABILITY = YES;
				ENABLE_USER_SCRIPT_SANDBOXING = YES;
				GCC_C_LANGUAGE_STANDARD = gnu17;
				GCC_DYNAMIC_NO_PIC = NO;
				GCC_NO_COMMON_BLOCKS = YES;
				GCC_OPTIMIZATION_LEVEL = 0;
				GCC_PREPROCESSOR_DEFINITIONS = (
					"DEBUG=1",
					"$(inherited)",
				);
				GCC_WARN_64_TO_32_BIT_CONVERSION = YES;
				GCC_WARN_ABOUT_RETURN_TYPE = YES_ERROR;
				GCC_WARN_UNDECLARED_SELECTOR = YES;
				GCC_WARN_UNINITIALIZED_AUTOS = YES_AGGRESSIVE;
				GCC_WARN_UNUSED_FUNCTION = YES;
				GCC_WARN_UNUSED_VARIABLE = YES;
				IPHONEOS_DEPLOYMENT_TARGET = 17.2;
				LOCALIZATION_PREFERS_STRING_CATALOGS = YES;
				MTL_ENABLE_DEBUG_INFO = INCLUDE_SOURCE;
				MTL_FAST_MATH = YES;
				ONLY_ACTIVE_ARCH = YES;
				SDKROOT = iphoneos;
				SWIFT_ACTIVE_COMPILATION_CONDITIONS = "DEBUG $(inherited)";
				SWIFT_OPTIMIZATION_LEVEL = "-Onone";
			};
			name = Debug;
		};
		9F7CA9EE2BE32F9E0062805E /* Release */ = {
			isa = XCBuildConfiguration;
			buildSettings = {
				ALWAYS_SEARCH_USER_PATHS = NO;
				ASSETCATALOG_COMPILER_GENERATE_SWIFT_ASSET_SYMBOL_EXTENSIONS = YES;
				CLANG_ANALYZER_NONNULL = YES;
				CLANG_ANALYZER_NUMBER_OBJECT_CONVERSION = YES_AGGRESSIVE;
				CLANG_CXX_LANGUAGE_STANDARD = "gnu++20";
				CLANG_ENABLE_MODULES = YES;
				CLANG_ENABLE_OBJC_ARC = YES;
				CLANG_ENABLE_OBJC_WEAK = YES;
				CLANG_WARN_BLOCK_CAPTURE_AUTORELEASING = YES;
				CLANG_WARN_BOOL_CONVERSION = YES;
				CLANG_WARN_COMMA = YES;
				CLANG_WARN_CONSTANT_CONVERSION = YES;
				CLANG_WARN_DEPRECATED_OBJC_IMPLEMENTATIONS = YES;
				CLANG_WARN_DIRECT_OBJC_ISA_USAGE = YES_ERROR;
				CLANG_WARN_DOCUMENTATION_COMMENTS = YES;
				CLANG_WARN_EMPTY_BODY = YES;
				CLANG_WARN_ENUM_CONVERSION = YES;
				CLANG_WARN_INFINITE_RECURSION = YES;
				CLANG_WARN_INT_CONVERSION = YES;
				CLANG_WARN_NON_LITERAL_NULL_CONVERSION = YES;
				CLANG_WARN_OBJC_IMPLICIT_RETAIN_SELF = YES;
				CLANG_WARN_OBJC_LITERAL_CONVERSION = YES;
				CLANG_WARN_OBJC_ROOT_CLASS = YES_ERROR;
				CLANG_WARN_QUOTED_INCLUDE_IN_FRAMEWORK_HEADER = YES;
				CLANG_WARN_RANGE_LOOP_ANALYSIS = YES;
				CLANG_WARN_STRICT_PROTOTYPES = YES;
				CLANG_WARN_SUSPICIOUS_MOVE = YES;
				CLANG_WARN_UNGUARDED_AVAILABILITY = YES_AGGRESSIVE;
				CLANG_WARN_UNREACHABLE_CODE = YES;
				CLANG_WARN__DUPLICATE_METHOD_MATCH = YES;
				COPY_PHASE_STRIP = NO;
				DEBUG_INFORMATION_FORMAT = "dwarf-with-dsym";
				ENABLE_NS_ASSERTIONS = NO;
				ENABLE_STRICT_OBJC_MSGSEND = YES;
				ENABLE_USER_SCRIPT_SANDBOXING = YES;
				GCC_C_LANGUAGE_STANDARD = gnu17;
				GCC_NO_COMMON_BLOCKS = YES;
				GCC_WARN_64_TO_32_BIT_CONVERSION = YES;
				GCC_WARN_ABOUT_RETURN_TYPE = YES_ERROR;
				GCC_WARN_UNDECLARED_SELECTOR = YES;
				GCC_WARN_UNINITIALIZED_AUTOS = YES_AGGRESSIVE;
				GCC_WARN_UNUSED_FUNCTION = YES;
				GCC_WARN_UNUSED_VARIABLE = YES;
				IPHONEOS_DEPLOYMENT_TARGET = 17.2;
				LOCALIZATION_PREFERS_STRING_CATALOGS = YES;
				MTL_ENABLE_DEBUG_INFO = NO;
				MTL_FAST_MATH = YES;
				SDKROOT = iphoneos;
				SWIFT_COMPILATION_MODE = wholemodule;
				VALIDATE_PRODUCT = YES;
			};
			name = Release;
		};
		9F7CA9F02BE32F9E0062805E /* Debug */ = {
			isa = XCBuildConfiguration;
			buildSettings = {
				ASSETCATALOG_COMPILER_APPICON_NAME = AppIcon;
				ASSETCATALOG_COMPILER_GLOBAL_ACCENT_COLOR_NAME = AccentColor;
				CODE_SIGN_STYLE = Automatic;
				CURRENT_PROJECT_VERSION = 1;
				DEVELOPMENT_ASSET_PATHS = "\"SwiftUI Basic/Preview Content\"";
				DEVELOPMENT_TEAM = P72UR4K32D;
				ENABLE_PREVIEWS = YES;
				GENERATE_INFOPLIST_FILE = YES;
				INFOPLIST_KEY_UIApplicationSceneManifest_Generation = YES;
				INFOPLIST_KEY_UIApplicationSupportsIndirectInputEvents = YES;
				INFOPLIST_KEY_UILaunchScreen_Generation = YES;
				INFOPLIST_KEY_UISupportedInterfaceOrientations_iPad = "UIInterfaceOrientationPortrait UIInterfaceOrientationPortraitUpsideDown UIInterfaceOrientationLandscapeLeft UIInterfaceOrientationLandscapeRight";
				INFOPLIST_KEY_UISupportedInterfaceOrientations_iPhone = "UIInterfaceOrientationPortrait UIInterfaceOrientationLandscapeLeft UIInterfaceOrientationLandscapeRight";
				LD_RUNPATH_SEARCH_PATHS = (
					"$(inherited)",
					"@executable_path/Frameworks",
				);
				MARKETING_VERSION = 1.0;
				PRODUCT_BUNDLE_IDENTIFIER = "swift.SwiftUI-Basic";
				PRODUCT_NAME = "$(TARGET_NAME)";
				SWIFT_EMIT_LOC_STRINGS = YES;
				SWIFT_VERSION = 5.0;
				TARGETED_DEVICE_FAMILY = "1,2";
			};
			name = Debug;
		};
		9F7CA9F12BE32F9E0062805E /* Release */ = {
			isa = XCBuildConfiguration;
			buildSettings = {
				ASSETCATALOG_COMPILER_APPICON_NAME = AppIcon;
				ASSETCATALOG_COMPILER_GLOBAL_ACCENT_COLOR_NAME = AccentColor;
				CODE_SIGN_STYLE = Automatic;
				CURRENT_PROJECT_VERSION = 1;
				DEVELOPMENT_ASSET_PATHS = "\"SwiftUI Basic/Preview Content\"";
				DEVELOPMENT_TEAM = P72UR4K32D;
				ENABLE_PREVIEWS = YES;
				GENERATE_INFOPLIST_FILE = YES;
				INFOPLIST_KEY_UIApplicationSceneManifest_Generation = YES;
				INFOPLIST_KEY_UIApplicationSupportsIndirectInputEvents = YES;
				INFOPLIST_KEY_UILaunchScreen_Generation = YES;
				INFOPLIST_KEY_UISupportedInterfaceOrientations_iPad = "UIInterfaceOrientationPortrait UIInterfaceOrientationPortraitUpsideDown UIInterfaceOrientationLandscapeLeft UIInterfaceOrientationLandscapeRight";
				INFOPLIST_KEY_UISupportedInterfaceOrientations_iPhone = "UIInterfaceOrientationPortrait UIInterfaceOrientationLandscapeLeft UIInterfaceOrientationLandscapeRight";
				LD_RUNPATH_SEARCH_PATHS = (
					"$(inherited)",
					"@executable_path/Frameworks",
				);
				MARKETING_VERSION = 1.0;
				PRODUCT_BUNDLE_IDENTIFIER = "swift.SwiftUI-Basic";
				PRODUCT_NAME = "$(TARGET_NAME)";
				SWIFT_EMIT_LOC_STRINGS = YES;
				SWIFT_VERSION = 5.0;
				TARGETED_DEVICE_FAMILY = "1,2";
			};
			name = Release;
		};
		9F7CA9F32BE32F9E0062805E /* Debug */ = {
			isa = XCBuildConfiguration;
			buildSettings = {
				ALWAYS_EMBED_SWIFT_STANDARD_LIBRARIES = YES;
				BUNDLE_LOADER = "$(TEST_HOST)";
				CODE_SIGN_STYLE = Automatic;
				CURRENT_PROJECT_VERSION = 1;
				DEVELOPMENT_TEAM = P72UR4K32D;
				GENERATE_INFOPLIST_FILE = YES;
				IPHONEOS_DEPLOYMENT_TARGET = 17.2;
				MARKETING_VERSION = 1.0;
				PRODUCT_BUNDLE_IDENTIFIER = "swift.SwiftUI-BasicTests";
				PRODUCT_NAME = "$(TARGET_NAME)";
				SWIFT_EMIT_LOC_STRINGS = NO;
				SWIFT_VERSION = 5.0;
				TARGETED_DEVICE_FAMILY = "1,2";
				TEST_HOST = "$(BUILT_PRODUCTS_DIR)/SwiftUI Basic.app/$(BUNDLE_EXECUTABLE_FOLDER_PATH)/SwiftUI Basic";
			};
			name = Debug;
		};
		9F7CA9F42BE32F9E0062805E /* Release */ = {
			isa = XCBuildConfiguration;
			buildSettings = {
				ALWAYS_EMBED_SWIFT_STANDARD_LIBRARIES = YES;
				BUNDLE_LOADER = "$(TEST_HOST)";
				CODE_SIGN_STYLE = Automatic;
				CURRENT_PROJECT_VERSION = 1;
				DEVELOPMENT_TEAM = P72UR4K32D;
				GENERATE_INFOPLIST_FILE = YES;
				IPHONEOS_DEPLOYMENT_TARGET = 17.2;
				MARKETING_VERSION = 1.0;
				PRODUCT_BUNDLE_IDENTIFIER = "swift.SwiftUI-BasicTests";
				PRODUCT_NAME = "$(TARGET_NAME)";
				SWIFT_EMIT_LOC_STRINGS = NO;
				SWIFT_VERSION = 5.0;
				TARGETED_DEVICE_FAMILY = "1,2";
				TEST_HOST = "$(BUILT_PRODUCTS_DIR)/SwiftUI Basic.app/$(BUNDLE_EXECUTABLE_FOLDER_PATH)/SwiftUI Basic";
			};
			name = Release;
		};
		9F7CA9F62BE32F9E0062805E /* Debug */ = {
			isa = XCBuildConfiguration;
			buildSettings = {
				ALWAYS_EMBED_SWIFT_STANDARD_LIBRARIES = YES;
				CODE_SIGN_STYLE = Automatic;
				CURRENT_PROJECT_VERSION = 1;
				DEVELOPMENT_TEAM = P72UR4K32D;
				GENERATE_INFOPLIST_FILE = YES;
				MARKETING_VERSION = 1.0;
				PRODUCT_BUNDLE_IDENTIFIER = "swift.SwiftUI-BasicUITests";
				PRODUCT_NAME = "$(TARGET_NAME)";
				SWIFT_EMIT_LOC_STRINGS = NO;
				SWIFT_VERSION = 5.0;
				TARGETED_DEVICE_FAMILY = "1,2";
				TEST_TARGET_NAME = "SwiftUI Basic";
			};
			name = Debug;
		};
		9F7CA9F72BE32F9E0062805E /* Release */ = {
			isa = XCBuildConfiguration;
			buildSettings = {
				ALWAYS_EMBED_SWIFT_STANDARD_LIBRARIES = YES;
				CODE_SIGN_STYLE = Automatic;
				CURRENT_PROJECT_VERSION = 1;
				DEVELOPMENT_TEAM = P72UR4K32D;
				GENERATE_INFOPLIST_FILE = YES;
				MARKETING_VERSION = 1.0;
				PRODUCT_BUNDLE_IDENTIFIER = "swift.SwiftUI-BasicUITests";
				PRODUCT_NAME = "$(TARGET_NAME)";
				SWIFT_EMIT_LOC_STRINGS = NO;
				SWIFT_VERSION = 5.0;
				TARGETED_DEVICE_FAMILY = "1,2";
				TEST_TARGET_NAME = "SwiftUI Basic";
			};
			name = Release;
		};
/* End XCBuildConfiguration section */

/* Begin XCConfigurationList section */
		9F7CA9C62BE32F9C0062805E /* Build configuration list for PBXProject "SwiftUI Basic" */ = {
			isa = XCConfigurationList;
			buildConfigurations = (
				9F7CA9ED2BE32F9E0062805E /* Debug */,
				9F7CA9EE2BE32F9E0062805E /* Release */,
			);
			defaultConfigurationIsVisible = 0;
			defaultConfigurationName = Release;
		};
		9F7CA9EF2BE32F9E0062805E /* Build configuration list for PBXNativeTarget "SwiftUI Basic" */ = {
			isa = XCConfigurationList;
			buildConfigurations = (
				9F7CA9F02BE32F9E0062805E /* Debug */,
				9F7CA9F12BE32F9E0062805E /* Release */,
			);
			defaultConfigurationIsVisible = 0;
			defaultConfigurationName = Release;
		};
		9F7CA9F22BE32F9E0062805E /* Build configuration list for PBXNativeTarget "SwiftUI BasicTests" */ = {
			isa = XCConfigurationList;
			buildConfigurations = (
				9F7CA9F32BE32F9E0062805E /* Debug */,
				9F7CA9F42BE32F9E0062805E /* Release */,
			);
			defaultConfigurationIsVisible = 0;
			defaultConfigurationName = Release;
		};
		9F7CA9F52BE32F9E0062805E /* Build configuration list for PBXNativeTarget "SwiftUI BasicUITests" */ = {
			isa = XCConfigurationList;
			buildConfigurations = (
				9F7CA9F62BE32F9E0062805E /* Debug */,
				9F7CA9F72BE32F9E0062805E /* Release */,
			);
			defaultConfigurationIsVisible = 0;
			defaultConfigurationName = Release;
		};
/* End XCConfigurationList section */
	};
	rootObject = 9F7CA9C32BE32F9C0062805E /* Project object */;
}
